
Microsoft Visual Studio Solution File, Format Version 12.00
# Visual Studio Version 16
VisualStudioVersion = 16.0.29911.84
MinimumVisualStudioVersion = 10.0.40219.1
Project("{FAE04EC0-301F-11D3-BF4B-00C04F79EFBC}") = "Excepciones", "Excepciones\Excepciones.csproj", "{BE3C1FF4-6B51-4817-9D5A-5B2747120CF6}"
EndProject
Project("{FAE04EC0-301F-11D3-BF4B-00C04F79EFBC}") = "ClasesInstanciables", "ClasesInstanciables\ClasesInstanciables.csproj", "{3E51CB7D-8526-4BC9-A681-4C07234EBFE9}"
EndProject
Project("{FAE04EC0-301F-11D3-BF4B-00C04F79EFBC}") = "ClasesAbstractas", "ClasesAbstractas\ClasesAbstractas.csproj", "{CFFA9A24-FF65-4429-B1BB-865B7D7C416D}"
EndProject
Project("{FAE04EC0-301F-11D3-BF4B-00C04F79EFBC}") = "Archivos", "Archivos\Archivos.csproj", "{9DE33FED-DD0F-466A-9F3F-E6B4823CA097}"
EndProject
Project("{FAE04EC0-301F-11D3-BF4B-00C04F79EFBC}") = "ConsoleApp1", "ConsoleApp1\ConsoleApp1.csproj", "{6FCBFCBD-1831-40BE-873A-463E02900176}"
EndProject
Global
	GlobalSection(SolutionConfigurationPlatforms) = preSolution
		Debug|Any CPU = Debug|Any CPU
		Release|Any CPU = Release|Any CPU
	EndGlobalSection
	GlobalSection(ProjectConfigurationPlatforms) = postSolution
		{BE3C1FF4-6B51-4817-9D5A-5B2747120CF6}.Debug|Any CPU.ActiveCfg = Debug|Any CPU
		{BE3C1FF4-6B51-4817-9D5A-5B2747120CF6}.Debug|Any CPU.Build.0 = Debug|Any CPU
		{BE3C1FF4-6B51-4817-9D5A-5B2747120CF6}.Release|Any CPU.ActiveCfg = Release|Any CPU
		{BE3C1FF4-6B51-4817-9D5A-5B2747120CF6}.Release|Any CPU.Build.0 = Release|Any CPU
		{3E51CB7D-8526-4BC9-A681-4C07234EBFE9}.Debug|Any CPU.ActiveCfg = Debug|Any CPU
		{3E51CB7D-8526-4BC9-A681-4C07234EBFE9}.Debug|Any CPU.Build.0 = Debug|Any CPU
		{3E51CB7D-8526-4BC9-A681-4C07234EBFE9}.Release|Any CPU.ActiveCfg = Release|Any CPU
		{3E51CB7D-8526-4BC9-A681-4C07234EBFE9}.Release|Any CPU.Build.0 = Release|Any CPU
		{CFFA9A24-FF65-4429-B1BB-865B7D7C416D}.Debug|Any CPU.ActiveCfg = Debug|Any CPU
		{CFFA9A24-FF65-4429-B1BB-865B7D7C416D}.Debug|Any CPU.Build.0 = Debug|Any CPU
		{CFFA9A24-FF65-4429-B1BB-865B7D7C416D}.Release|Any CPU.ActiveCfg = Release|Any CPU
		{CFFA9A24-FF65-4429-B1BB-865B7D7C416D}.Release|Any CPU.Build.0 = Release|Any CPU
		{9DE33FED-DD0F-466A-9F3F-E6B4823CA097}.Debug|Any CPU.ActiveCfg = Debug|Any CPU
		{9DE33FED-DD0F-466A-9F3F-E6B4823CA097}.Debug|Any CPU.Build.0 = Debug|Any CPU
		{9DE33FED-DD0F-466A-9F3F-E6B4823CA097}.Release|Any CPU.ActiveCfg = Release|Any CPU
		{9DE33FED-DD0F-466A-9F3F-E6B4823CA097}.Release|Any CPU.Build.0 = Release|Any CPU
		{6FCBFCBD-1831-40BE-873A-463E02900176}.Debug|Any CPU.ActiveCfg = Debug|Any CPU
		{6FCBFCBD-1831-40BE-873A-463E02900176}.Debug|Any CPU.Build.0 = Debug|Any CPU
		{6FCBFCBD-1831-40BE-873A-463E02900176}.Release|Any CPU.ActiveCfg = Release|Any CPU
		{6FCBFCBD-1831-40BE-873A-463E02900176}.Release|Any CPU.Build.0 = Release|Any CPU
	EndGlobalSection
	GlobalSection(SolutionProperties) = preSolution
		HideSolutionNode = FALSE
	EndGlobalSection
	GlobalSection(ExtensibilityGlobals) = postSolution
		SolutionGuid = {D7FA0FFA-F11F-4496-B5BF-DEE7E5F8AACC}
	EndGlobalSection
EndGlobal
